
Microsoft Visual Studio Solution File, Format Version 12.00
# Visual Studio Version 16
VisualStudioVersion = 16.0.31515.178
MinimumVisualStudioVersion = 10.0.40219.1
Project("{FAE04EC0-301F-11D3-BF4B-00C04F79EFBC}") = "ElKhattabiNaima_Prova7", "ElKhattabiNaima_Prova7\ElKhattabiNaima_Prova7.csproj", "{0F78793B-7127-4A42-A54E-A1B13135D14F}"
EndProject
Project("{FAE04EC0-301F-11D3-BF4B-00C04F79EFBC}") = "ElKhattabiNaima_Prova7.Core", "ElKhattabiNaima_Prova7.Core\ElKhattabiNaima_Prova7.Core.csproj", "{FDB4FE05-E138-44DE-984A-00E55CF855BE}"
EndProject
Project("{FAE04EC0-301F-11D3-BF4B-00C04F79EFBC}") = "ElKhattabiNaima_Prova7.RepositoryMock", "ElKhattabiNaima_Prova7.RepositoryMock\ElKhattabiNaima_Prova7.RepositoryMock.csproj", "{1020E7E7-6DEA-41ED-BFAD-2F28187E0ACD}"
EndProject
Project("{FAE04EC0-301F-11D3-BF4B-00C04F79EFBC}") = "ElKhattabiNaima_Prova7.RepositoryEF", "ElKhattabiNaima_Prova7.RepositoryEF\ElKhattabiNaima_Prova7.RepositoryEF.csproj", "{08828013-E22D-45C7-8B34-FCB2116DAEC6}"
EndProject
Project("{FAE04EC0-301F-11D3-BF4B-00C04F79EFBC}") = "ElKhattabiNaima_Prova7.Test", "ElKhattabiNaima_Prova7.Test\ElKhattabiNaima_Prova7.Test.csproj", "{2E8C2863-BE30-4800-A276-C11BDE369062}"
EndProject
Global
	GlobalSection(SolutionConfigurationPlatforms) = preSolution
		Debug|Any CPU = Debug|Any CPU
		Release|Any CPU = Release|Any CPU
	EndGlobalSection
	GlobalSection(ProjectConfigurationPlatforms) = postSolution
		{0F78793B-7127-4A42-A54E-A1B13135D14F}.Debug|Any CPU.ActiveCfg = Debug|Any CPU
		{0F78793B-7127-4A42-A54E-A1B13135D14F}.Debug|Any CPU.Build.0 = Debug|Any CPU
		{0F78793B-7127-4A42-A54E-A1B13135D14F}.Release|Any CPU.ActiveCfg = Release|Any CPU
		{0F78793B-7127-4A42-A54E-A1B13135D14F}.Release|Any CPU.Build.0 = Release|Any CPU
		{FDB4FE05-E138-44DE-984A-00E55CF855BE}.Debug|Any CPU.ActiveCfg = Debug|Any CPU
		{FDB4FE05-E138-44DE-984A-00E55CF855BE}.Debug|Any CPU.Build.0 = Debug|Any CPU
		{FDB4FE05-E138-44DE-984A-00E55CF855BE}.Release|Any CPU.ActiveCfg = Release|Any CPU
		{FDB4FE05-E138-44DE-984A-00E55CF855BE}.Release|Any CPU.Build.0 = Release|Any CPU
		{1020E7E7-6DEA-41ED-BFAD-2F28187E0ACD}.Debug|Any CPU.ActiveCfg = Debug|Any CPU
		{1020E7E7-6DEA-41ED-BFAD-2F28187E0ACD}.Debug|Any CPU.Build.0 = Debug|Any CPU
		{1020E7E7-6DEA-41ED-BFAD-2F28187E0ACD}.Release|Any CPU.ActiveCfg = Release|Any CPU
		{1020E7E7-6DEA-41ED-BFAD-2F28187E0ACD}.Release|Any CPU.Build.0 = Release|Any CPU
		{08828013-E22D-45C7-8B34-FCB2116DAEC6}.Debug|Any CPU.ActiveCfg = Debug|Any CPU
		{08828013-E22D-45C7-8B34-FCB2116DAEC6}.Debug|Any CPU.Build.0 = Debug|Any CPU
		{08828013-E22D-45C7-8B34-FCB2116DAEC6}.Release|Any CPU.ActiveCfg = Release|Any CPU
		{08828013-E22D-45C7-8B34-FCB2116DAEC6}.Release|Any CPU.Build.0 = Release|Any CPU
		{2E8C2863-BE30-4800-A276-C11BDE369062}.Debug|Any CPU.ActiveCfg = Debug|Any CPU
		{2E8C2863-BE30-4800-A276-C11BDE369062}.Debug|Any CPU.Build.0 = Debug|Any CPU
		{2E8C2863-BE30-4800-A276-C11BDE369062}.Release|Any CPU.ActiveCfg = Release|Any CPU
		{2E8C2863-BE30-4800-A276-C11BDE369062}.Release|Any CPU.Build.0 = Release|Any CPU
	EndGlobalSection
	GlobalSection(SolutionProperties) = preSolution
		HideSolutionNode = FALSE
	EndGlobalSection
	GlobalSection(ExtensibilityGlobals) = postSolution
		SolutionGuid = {502E13D8-EB95-4A95-B612-70E6A59D1BF4}
	EndGlobalSection
EndGlobal
